
Microsoft Visual Studio Solution File, Format Version 12.00
# Visual Studio 15
VisualStudioVersion = 15.0.27004.2002
MinimumVisualStudioVersion = 10.0.40219.1
Project("{9A19103F-16F7-4668-BE54-9A1E7A4F7556}") = "Ockham.Test.Tests", "test\Ockham.Test.Tests.csproj", "{73916376-C087-4150-AA35-C0D441445992}"
EndProject
Project("{9A19103F-16F7-4668-BE54-9A1E7A4F7556}") = "Ockham.Test", "src\Ockham.Test.csproj", "{9A4FEEEE-1A1B-4E3C-852A-048BAC3440C9}"
EndProject
Global
	GlobalSection(SolutionConfigurationPlatforms) = preSolution
		Debug|Any CPU = Debug|Any CPU
		Release|Any CPU = Release|Any CPU
	EndGlobalSection
	GlobalSection(ProjectConfigurationPlatforms) = postSolution
		{73916376-C087-4150-AA35-C0D441445992}.Debug|Any CPU.ActiveCfg = Debug|Any CPU
		{73916376-C087-4150-AA35-C0D441445992}.Debug|Any CPU.Build.0 = Debug|Any CPU
		{73916376-C087-4150-AA35-C0D441445992}.Release|Any CPU.ActiveCfg = Release|Any CPU
		{73916376-C087-4150-AA35-C0D441445992}.Release|Any CPU.Build.0 = Release|Any CPU
		{9A4FEEEE-1A1B-4E3C-852A-048BAC3440C9}.Debug|Any CPU.ActiveCfg = Debug|Any CPU
		{9A4FEEEE-1A1B-4E3C-852A-048BAC3440C9}.Debug|Any CPU.Build.0 = Debug|Any CPU
		{9A4FEEEE-1A1B-4E3C-852A-048BAC3440C9}.Release|Any CPU.ActiveCfg = Release|Any CPU
		{9A4FEEEE-1A1B-4E3C-852A-048BAC3440C9}.Release|Any CPU.Build.0 = Release|Any CPU
	EndGlobalSection
	GlobalSection(SolutionProperties) = preSolution
		HideSolutionNode = FALSE
	EndGlobalSection
	GlobalSection(ExtensibilityGlobals) = postSolution
		SolutionGuid = {7A926886-7DE3-4B5B-8076-57D72A8836BD}
	EndGlobalSection
EndGlobal
